
Microsoft Visual Studio Solution File, Format Version 12.00
# Visual Studio Version 17
VisualStudioVersion = 17.9.34728.123
MinimumVisualStudioVersion = 10.0.40219.1
Project("{FAE04EC0-301F-11D3-BF4B-00C04F79EFBC}") = "RedisInMemoryApp.WEB", "RedisInMemoryApp.WEB\RedisInMemoryApp.WEB.csproj", "{5E4A4063-CC15-417B-A7DD-7E1D18238957}"
EndProject
Project("{FAE04EC0-301F-11D3-BF4B-00C04F79EFBC}") = "IDistributedCacheRedisApp.WEB", "IDistributedCacheRedisApp.WEB\IDistributedCacheRedisApp.WEB.csproj", "{6FBC324C-50E1-46F2-A5AA-A78E43F2D88B}"
EndProject
Global
	GlobalSection(SolutionConfigurationPlatforms) = preSolution
		Debug|Any CPU = Debug|Any CPU
		Release|Any CPU = Release|Any CPU
	EndGlobalSection
	GlobalSection(ProjectConfigurationPlatforms) = postSolution
		{5E4A4063-CC15-417B-A7DD-7E1D18238957}.Debug|Any CPU.ActiveCfg = Debug|Any CPU
		{5E4A4063-CC15-417B-A7DD-7E1D18238957}.Debug|Any CPU.Build.0 = Debug|Any CPU
		{5E4A4063-CC15-417B-A7DD-7E1D18238957}.Release|Any CPU.ActiveCfg = Release|Any CPU
		{5E4A4063-CC15-417B-A7DD-7E1D18238957}.Release|Any CPU.Build.0 = Release|Any CPU
		{6FBC324C-50E1-46F2-A5AA-A78E43F2D88B}.Debug|Any CPU.ActiveCfg = Debug|Any CPU
		{6FBC324C-50E1-46F2-A5AA-A78E43F2D88B}.Debug|Any CPU.Build.0 = Debug|Any CPU
		{6FBC324C-50E1-46F2-A5AA-A78E43F2D88B}.Release|Any CPU.ActiveCfg = Release|Any CPU
		{6FBC324C-50E1-46F2-A5AA-A78E43F2D88B}.Release|Any CPU.Build.0 = Release|Any CPU
	EndGlobalSection
	GlobalSection(SolutionProperties) = preSolution
		HideSolutionNode = FALSE
	EndGlobalSection
	GlobalSection(ExtensibilityGlobals) = postSolution
		SolutionGuid = {ABD16C96-4AA4-47B4-AD75-EAC140E048BE}
	EndGlobalSection
EndGlobal
